schema = "reprobuild.solved-graph-lock.v2"

[lock]
platform = "arm64-macosx"
optimal = false
inputs_digest = "fnv1a64:aa9898ff98000ee7"
variants = []
packages = [{ name = "bash", version = "4.0.0", source = "bash", selection = "selected" }, { name = "cctools", version = "1.0.0", source = "cctools", selection = "selected" }, { name = "chmod", version = "1.0.0", source = "chmod", selection = "selected" }, { name = "clang", version = "1.0.0", source = "clang", selection = "selected" }, { name = "cp", version = "1.0.0", source = "cp", selection = "selected" }, { name = "dirname", version = "1.0.0", source = "dirname", selection = "selected" }, { name = "gcc", version = "12.0.0", source = "gcc", selection = "selected" }, { name = "io_mon", version = "0.1.0", source = "io_mon", selection = "selected" }, { name = "just", version = "1.0.0", source = "just", selection = "selected" }, { name = "mkdir", version = "1.0.0", source = "mkdir", selection = "selected" }, { name = "nim", version = "2.2.0", source = "nim", selection = "selected" }, { name = "nim-shm-queue", version = "1.0.0", source = "nim-shm-queue", selection = "selected" }, { name = "nim-stackable-hooks", version = "1.0.0", source = "nim-stackable-hooks", selection = "selected" }, { name = "nimble", version = "1.0.0", source = "nimble", selection = "selected" }, { name = "python3", version = "1.0.0", source = "python3", selection = "selected" }, { name = "rm", version = "1.0.0", source = "rm", selection = "selected" }, { name = "rustc", version = "1.0.0", source = "rustc", selection = "selected" }, { name = "sed", version = "1.0.0", source = "sed", selection = "selected" }, { name = "sh", version = "1.0.0", source = "sh", selection = "selected" }, { name = "shm_queue", version = "0.1.0", source = "shm_queue", selection = "selected" }, { name = "stackable_hooks", version = "0.1.0", source = "stackable_hooks", selection = "selected" }, { name = "touch", version = "1.0.0", source = "touch", selection = "selected" }, { name = "uname", version = "1.0.0", source = "uname", selection = "selected" }]
deps = [{ name = "io-mon", path = ".", coord_kind = "vcs", url = "https://github.com/metacraft-labs/io-mon.git", ref = "fix/release-hook-dependency-alignment", revision = "8d35cfedf290d9b5f97e9cf618c5c7fb6df1e2a1", integrity = "git-sha1:8d35cfedf290d9b5f97e9cf618c5c7fb6df1e2a1", version = "", visibility = "public", participation = "", depends = "nim-stackable-hooks,nim-shm-queue", tags = "" }, { name = "nim-shm-queue", path = "../nim-shm-queue", coord_kind = "vcs", url = "https://github.com/metacraft-labs/nim-shm-queue", ref = "stabilize-libraries-fresh-20261007", revision = "02f442ac12ce2587d9c053c527041097af38609f", integrity = "git-sha1:02f442ac12ce2587d9c053c527041097af38609f", version = "", visibility = "public", participation = "", depends = "", tags = "" }, { name = "nim-stackable-hooks", path = "../nim-stackable-hooks", coord_kind = "vcs", url = "https://github.com/metacraft-labs/nim-stackable-hooks", ref = "agents-to-dev-2026-10-07", revision = "2a7c5f7b0ed0351ac6136fcc99fc1b33a087ed77", integrity = "git-sha1:2a7c5f7b0ed0351ac6136fcc99fc1b33a087ed77", version = "", visibility = "public", participation = "", depends = "", tags = "" }]
