schema = "reprobuild.solved-graph-lock.v2"

[lock]
platform = "amd64-linux"
optimal = false
inputs_digest = "fnv1a64:ab9ee52f50f361e7"
variants = []
packages = [{ name = "basename", version = "1.0.0", source = "basename", selection = "selected" }, { name = "chmod", version = "1.0.0", source = "chmod", selection = "selected" }, { name = "cp", version = "1.0.0", source = "cp", selection = "selected" }, { name = "dirname", version = "1.0.0", source = "dirname", selection = "selected" }, { name = "find", version = "1.0.0", source = "find", selection = "selected" }, { name = "gcc", version = "12.0.0", source = "gcc", selection = "selected" }, { name = "grep", version = "1.0.0", source = "grep", selection = "selected" }, { name = "head", version = "1.0.0", source = "head", selection = "selected" }, { name = "io_mon", version = "0.1.0", source = "io_mon", selection = "selected" }, { name = "mkdir", version = "1.0.0", source = "mkdir", selection = "selected" }, { name = "mktemp", version = "1.0.0", source = "mktemp", selection = "selected" }, { name = "mv", version = "1.0.0", source = "mv", selection = "selected" }, { name = "nim", version = "2.2.0", source = "nim", selection = "selected" }, { name = "nim-shm-queue", version = "1.0.0", source = "nim-shm-queue", selection = "selected" }, { name = "nim-stackable-hooks", version = "1.0.0", source = "nim-stackable-hooks", selection = "selected" }, { name = "nimble", version = "1.0.0", source = "nimble", selection = "selected" }, { name = "od", version = "1.0.0", source = "od", selection = "selected" }, { name = "patchelf", version = "1.0.0", source = "patchelf", selection = "selected" }, { name = "readelf", version = "1.0.0", source = "readelf", selection = "selected" }, { name = "readlink", version = "1.0.0", source = "readlink", selection = "selected" }, { name = "rm", version = "1.0.0", source = "rm", selection = "selected" }, { name = "sed", version = "1.0.0", source = "sed", selection = "selected" }, { name = "sh", version = "1.0.0", source = "sh", selection = "selected" }, { name = "shm_queue", version = "0.1.0", source = "shm_queue", selection = "selected" }, { name = "sort", version = "1.0.0", source = "sort", selection = "selected" }, { name = "stackable_hooks", version = "0.1.0", source = "stackable_hooks", selection = "selected" }, { name = "touch", version = "1.0.0", source = "touch", selection = "selected" }, { name = "tr", version = "1.0.0", source = "tr", selection = "selected" }, { name = "wc", version = "1.0.0", source = "wc", selection = "selected" }]
deps = [{ name = "io-mon", path = ".", coord_kind = "vcs", url = "https://github.com/metacraft-labs/io-mon", ref = "dev", revision = "ac3e5b9714e6c2fd3c501a69ec2be8ff2abe6fc4", integrity = "git-sha1:ac3e5b9714e6c2fd3c501a69ec2be8ff2abe6fc4", version = "", visibility = "public", participation = "", depends = "nim-stackable-hooks,nim-shm-queue", tags = "" }, { name = "nim-shm-queue", path = "../nim-shm-queue", coord_kind = "vcs", url = "https://github.com/metacraft-labs/nim-shm-queue", ref = "dev", revision = "d162a5119be5233e16ecb41c503f751f0b5c4600", integrity = "git-sha1:d162a5119be5233e16ecb41c503f751f0b5c4600", version = "", visibility = "public", participation = "", depends = "", tags = "" }, { name = "nim-stackable-hooks", path = "../nim-stackable-hooks", coord_kind = "vcs", url = "https://github.com/metacraft-labs/nim-stackable-hooks", ref = "dev", revision = "37234e9f353dd88fcb89e05b69e58d1fce89b6bb", integrity = "git-sha1:37234e9f353dd88fcb89e05b69e58d1fce89b6bb", version = "", visibility = "public", participation = "", depends = "", tags = "" }]
